
Microsoft Visual Studio Solution File, Format Version 11.00
# Visual Studio 2010
Project("{FAE04EC0-301F-11D3-BF4B-00C04F79EFBC}") = "ConsultantApp.iOS", "ConsultantApp.iOS.csproj", "{43D1C0E1-E5F1-4543-8D81-B1A770A03AAA}"
EndProject
Global
	GlobalSection(SolutionConfigurationPlatforms) = preSolution
		Debug|iPhoneSimulator = Debug|iPhoneSimulator
		Release|iPhoneSimulator = Release|iPhoneSimulator
		Debug|iPhone = Debug|iPhone
		Release|iPhone = Release|iPhone
		Ad-Hoc|iPhone = Ad-Hoc|iPhone
		AppStore|iPhone = AppStore|iPhone
	EndGlobalSection
	GlobalSection(ProjectConfigurationPlatforms) = postSolution
		{43D1C0E1-E5F1-4543-8D81-B1A770A03AAA}.Ad-Hoc|iPhone.ActiveCfg = Ad-Hoc|iPhone
		{43D1C0E1-E5F1-4543-8D81-B1A770A03AAA}.Ad-Hoc|iPhone.Build.0 = Ad-Hoc|iPhone
		{43D1C0E1-E5F1-4543-8D81-B1A770A03AAA}.AppStore|iPhone.ActiveCfg = AppStore|iPhone
		{43D1C0E1-E5F1-4543-8D81-B1A770A03AAA}.AppStore|iPhone.Build.0 = AppStore|iPhone
		{43D1C0E1-E5F1-4543-8D81-B1A770A03AAA}.Debug|iPhone.ActiveCfg = Debug|iPhone
		{43D1C0E1-E5F1-4543-8D81-B1A770A03AAA}.Debug|iPhone.Build.0 = Debug|iPhone
		{43D1C0E1-E5F1-4543-8D81-B1A770A03AAA}.Debug|iPhoneSimulator.ActiveCfg = Debug|iPhoneSimulator
		{43D1C0E1-E5F1-4543-8D81-B1A770A03AAA}.Debug|iPhoneSimulator.Build.0 = Debug|iPhoneSimulator
		{43D1C0E1-E5F1-4543-8D81-B1A770A03AAA}.Release|iPhone.ActiveCfg = Release|iPhone
		{43D1C0E1-E5F1-4543-8D81-B1A770A03AAA}.Release|iPhone.Build.0 = Release|iPhone
		{43D1C0E1-E5F1-4543-8D81-B1A770A03AAA}.Release|iPhoneSimulator.ActiveCfg = Release|iPhoneSimulator
		{43D1C0E1-E5F1-4543-8D81-B1A770A03AAA}.Release|iPhoneSimulator.Build.0 = Release|iPhoneSimulator
	EndGlobalSection
EndGlobal
