
Microsoft Visual Studio Solution File, Format Version 12.00
# Visual Studio 2013
VisualStudioVersion = 12.0.31101.0
MinimumVisualStudioVersion = 10.0.40219.1
Project("{FAE04EC0-301F-11D3-BF4B-00C04F79EFBC}") = "Web", "Web\Web.csproj", "{E002E567-13CA-4A22-93B3-0A4566613E0E}"
EndProject
Project("{FAE04EC0-301F-11D3-BF4B-00C04F79EFBC}") = "Web.Domain", "Web.Domain\Web.Domain.csproj", "{D9FCA4CD-8422-4E37-A55F-49E6A8170A7E}"
EndProject
Project("{2150E333-8FDC-42A3-9474-1A3956D46DE8}") = "BuildScripts", "BuildScripts", "{9BADE512-36AC-45D0-A3FB-AA49B433DE3C}"
	ProjectSection(SolutionItems) = preProject
		..\buildScripts\_build.ps1 = ..\buildScripts\_build.ps1
		..\buildScripts\_ios_build.sh = ..\buildScripts\_ios_build.sh
		..\buildScripts\_ios_package.ps1 = ..\buildScripts\_ios_package.ps1
		..\buildScripts\_package.ps1 = ..\buildScripts\_package.ps1
		..\buildScripts\_post_build.ps1 = ..\buildScripts\_post_build.ps1
		..\buildScripts\_prep_build.ps1 = ..\buildScripts\_prep_build.ps1
		..\buildScripts\_run_tests.ps1 = ..\buildScripts\_run_tests.ps1
		..\buildScripts\devBuild.ps1 = ..\buildScripts\devBuild.ps1
	EndProjectSection
EndProject
Project("{FAE04EC0-301F-11D3-BF4B-00C04F79EFBC}") = "Web.Domain.Tests", "Web.Domain.Tests\Web.Domain.Tests.csproj", "{16EEDD6C-4FD7-4D64-B7B0-D07E9BB252C3}"
EndProject
Project("{FAE04EC0-301F-11D3-BF4B-00C04F79EFBC}") = "ClientApp.iOS", "ClientApp\ClientApp.iOS\ClientApp.iOS.csproj", "{646BDAE9-13C2-497A-A5AD-49D94E1119A2}"
EndProject
Project("{2150E333-8FDC-42A3-9474-1A3956D46DE8}") = ".nuget", ".nuget", "{379BD5E3-7E34-43EB-BEA8-08DA9071112B}"
	ProjectSection(SolutionItems) = preProject
		.nuget\NuGet.Config = .nuget\NuGet.Config
		.nuget\NuGet.exe = .nuget\NuGet.exe
		.nuget\NuGet.targets = .nuget\NuGet.targets
	EndProjectSection
EndProject
Project("{FAE04EC0-301F-11D3-BF4B-00C04F79EFBC}") = "SharedModels", "SharedModels\SharedModels.csproj", "{A274548B-6CCA-4841-B167-21625D1179B3}"
EndProject
Project("{2150E333-8FDC-42A3-9474-1A3956D46DE8}") = "Dev.Environment", "Dev.Environment", "{4CB39707-4DEF-4F69-969B-E8D5312FA464}"
	ProjectSection(SolutionItems) = preProject
		README.txt = README.txt
	EndProjectSection
EndProject
Project("{FAE04EC0-301F-11D3-BF4B-00C04F79EFBC}") = "Database.MatchGuide", "Database.MatchGuide\Database.MatchGuide.csproj", "{45A8B130-57BC-41C6-8A99-8070CEEB5007}"
EndProject
Project("{FAE04EC0-301F-11D3-BF4B-00C04F79EFBC}") = "Database.ClientApp", "Database.ClientApp\Database.ClientApp.csproj", "{09C5A0D6-F5B0-4AB1-99B0-87DC3839A62B}"
EndProject
Project("{FAE04EC0-301F-11D3-BF4B-00C04F79EFBC}") = "ClientApp.Core", "ClientApp.Core\ClientApp.Core.csproj", "{256E615C-7B6F-4477-B215-C00676F278E0}"
EndProject
Project("{FAE04EC0-301F-11D3-BF4B-00C04F79EFBC}") = "ClientApp.Core.Tests", "ClientApp.Core.Tests\ClientApp.Core.Tests.csproj", "{967B065C-37A7-4BBC-8AF1-A992D3F8AF2F}"
EndProject
Global
	GlobalSection(SolutionConfigurationPlatforms) = preSolution
		Debug|Any CPU = Debug|Any CPU
		Debug|iPhone = Debug|iPhone
		Debug|iPhoneSimulator = Debug|iPhoneSimulator
		Debug|Mixed Platforms = Debug|Mixed Platforms
		Debug|Server = Debug|Server
		Dev|Any CPU = Dev|Any CPU
		Dev|iPhone = Dev|iPhone
		Dev|iPhoneSimulator = Dev|iPhoneSimulator
		Dev|Mixed Platforms = Dev|Mixed Platforms
		Dev|Server = Dev|Server
		Release|Any CPU = Release|Any CPU
		Release|iPhone = Release|iPhone
		Release|iPhoneSimulator = Release|iPhoneSimulator
		Release|Mixed Platforms = Release|Mixed Platforms
		Release|Server = Release|Server
		Test|Any CPU = Test|Any CPU
		Test|iPhone = Test|iPhone
		Test|iPhoneSimulator = Test|iPhoneSimulator
		Test|Mixed Platforms = Test|Mixed Platforms
		Test|Server = Test|Server
	EndGlobalSection
	GlobalSection(ProjectConfigurationPlatforms) = postSolution
		{E002E567-13CA-4A22-93B3-0A4566613E0E}.Debug|Any CPU.ActiveCfg = Debug|Any CPU
		{E002E567-13CA-4A22-93B3-0A4566613E0E}.Debug|Any CPU.Build.0 = Debug|Any CPU
		{E002E567-13CA-4A22-93B3-0A4566613E0E}.Debug|iPhone.ActiveCfg = Debug|Any CPU
		{E002E567-13CA-4A22-93B3-0A4566613E0E}.Debug|iPhoneSimulator.ActiveCfg = Debug|Any CPU
		{E002E567-13CA-4A22-93B3-0A4566613E0E}.Debug|iPhoneSimulator.Build.0 = Debug|Any CPU
		{E002E567-13CA-4A22-93B3-0A4566613E0E}.Debug|Mixed Platforms.ActiveCfg = Debug|Any CPU
		{E002E567-13CA-4A22-93B3-0A4566613E0E}.Debug|Mixed Platforms.Build.0 = Debug|Any CPU
		{E002E567-13CA-4A22-93B3-0A4566613E0E}.Debug|Server.ActiveCfg = Debug|Any CPU
		{E002E567-13CA-4A22-93B3-0A4566613E0E}.Debug|Server.Build.0 = Debug|Any CPU
		{E002E567-13CA-4A22-93B3-0A4566613E0E}.Dev|Any CPU.ActiveCfg = Debug|Any CPU
		{E002E567-13CA-4A22-93B3-0A4566613E0E}.Dev|Any CPU.Build.0 = Debug|Any CPU
		{E002E567-13CA-4A22-93B3-0A4566613E0E}.Dev|iPhone.ActiveCfg = Debug|Any CPU
		{E002E567-13CA-4A22-93B3-0A4566613E0E}.Dev|iPhoneSimulator.ActiveCfg = Debug|Any CPU
		{E002E567-13CA-4A22-93B3-0A4566613E0E}.Dev|iPhoneSimulator.Build.0 = Debug|Any CPU
		{E002E567-13CA-4A22-93B3-0A4566613E0E}.Dev|Mixed Platforms.ActiveCfg = Debug|Any CPU
		{E002E567-13CA-4A22-93B3-0A4566613E0E}.Dev|Mixed Platforms.Build.0 = Debug|Any CPU
		{E002E567-13CA-4A22-93B3-0A4566613E0E}.Dev|Server.ActiveCfg = Debug|Any CPU
		{E002E567-13CA-4A22-93B3-0A4566613E0E}.Release|Any CPU.ActiveCfg = Release|Any CPU
		{E002E567-13CA-4A22-93B3-0A4566613E0E}.Release|Any CPU.Build.0 = Release|Any CPU
		{E002E567-13CA-4A22-93B3-0A4566613E0E}.Release|iPhone.ActiveCfg = Release|Any CPU
		{E002E567-13CA-4A22-93B3-0A4566613E0E}.Release|iPhoneSimulator.ActiveCfg = Release|Any CPU
		{E002E567-13CA-4A22-93B3-0A4566613E0E}.Release|Mixed Platforms.ActiveCfg = Release|Any CPU
		{E002E567-13CA-4A22-93B3-0A4566613E0E}.Release|Mixed Platforms.Build.0 = Release|Any CPU
		{E002E567-13CA-4A22-93B3-0A4566613E0E}.Release|Server.ActiveCfg = Release|Any CPU
		{E002E567-13CA-4A22-93B3-0A4566613E0E}.Release|Server.Build.0 = Release|Any CPU
		{E002E567-13CA-4A22-93B3-0A4566613E0E}.Test|Any CPU.ActiveCfg = Release|Any CPU
		{E002E567-13CA-4A22-93B3-0A4566613E0E}.Test|iPhone.ActiveCfg = Release|Any CPU
		{E002E567-13CA-4A22-93B3-0A4566613E0E}.Test|iPhoneSimulator.ActiveCfg = Release|Any CPU
		{E002E567-13CA-4A22-93B3-0A4566613E0E}.Test|Mixed Platforms.ActiveCfg = Release|Any CPU
		{E002E567-13CA-4A22-93B3-0A4566613E0E}.Test|Mixed Platforms.Build.0 = Release|Any CPU
		{E002E567-13CA-4A22-93B3-0A4566613E0E}.Test|Server.ActiveCfg = Release|Any CPU
		{D9FCA4CD-8422-4E37-A55F-49E6A8170A7E}.Debug|Any CPU.ActiveCfg = Debug|Any CPU
		{D9FCA4CD-8422-4E37-A55F-49E6A8170A7E}.Debug|Any CPU.Build.0 = Debug|Any CPU
		{D9FCA4CD-8422-4E37-A55F-49E6A8170A7E}.Debug|iPhone.ActiveCfg = Debug|Any CPU
		{D9FCA4CD-8422-4E37-A55F-49E6A8170A7E}.Debug|iPhoneSimulator.ActiveCfg = Debug|Any CPU
		{D9FCA4CD-8422-4E37-A55F-49E6A8170A7E}.Debug|iPhoneSimulator.Build.0 = Debug|Any CPU
		{D9FCA4CD-8422-4E37-A55F-49E6A8170A7E}.Debug|Mixed Platforms.ActiveCfg = Debug|Any CPU
		{D9FCA4CD-8422-4E37-A55F-49E6A8170A7E}.Debug|Mixed Platforms.Build.0 = Debug|Any CPU
		{D9FCA4CD-8422-4E37-A55F-49E6A8170A7E}.Debug|Server.ActiveCfg = Debug|Any CPU
		{D9FCA4CD-8422-4E37-A55F-49E6A8170A7E}.Debug|Server.Build.0 = Debug|Any CPU
		{D9FCA4CD-8422-4E37-A55F-49E6A8170A7E}.Dev|Any CPU.ActiveCfg = Debug|Any CPU
		{D9FCA4CD-8422-4E37-A55F-49E6A8170A7E}.Dev|Any CPU.Build.0 = Debug|Any CPU
		{D9FCA4CD-8422-4E37-A55F-49E6A8170A7E}.Dev|iPhone.ActiveCfg = Debug|Any CPU
		{D9FCA4CD-8422-4E37-A55F-49E6A8170A7E}.Dev|iPhoneSimulator.ActiveCfg = Debug|Any CPU
		{D9FCA4CD-8422-4E37-A55F-49E6A8170A7E}.Dev|iPhoneSimulator.Build.0 = Debug|Any CPU
		{D9FCA4CD-8422-4E37-A55F-49E6A8170A7E}.Dev|Mixed Platforms.ActiveCfg = Debug|Any CPU
		{D9FCA4CD-8422-4E37-A55F-49E6A8170A7E}.Dev|Mixed Platforms.Build.0 = Debug|Any CPU
		{D9FCA4CD-8422-4E37-A55F-49E6A8170A7E}.Dev|Server.ActiveCfg = Debug|Any CPU
		{D9FCA4CD-8422-4E37-A55F-49E6A8170A7E}.Release|Any CPU.ActiveCfg = Release|Any CPU
		{D9FCA4CD-8422-4E37-A55F-49E6A8170A7E}.Release|Any CPU.Build.0 = Release|Any CPU
		{D9FCA4CD-8422-4E37-A55F-49E6A8170A7E}.Release|iPhone.ActiveCfg = Release|Any CPU
		{D9FCA4CD-8422-4E37-A55F-49E6A8170A7E}.Release|iPhoneSimulator.ActiveCfg = Release|Any CPU
		{D9FCA4CD-8422-4E37-A55F-49E6A8170A7E}.Release|Mixed Platforms.ActiveCfg = Release|Any CPU
		{D9FCA4CD-8422-4E37-A55F-49E6A8170A7E}.Release|Mixed Platforms.Build.0 = Release|Any CPU
		{D9FCA4CD-8422-4E37-A55F-49E6A8170A7E}.Release|Server.ActiveCfg = Release|Any CPU
		{D9FCA4CD-8422-4E37-A55F-49E6A8170A7E}.Release|Server.Build.0 = Release|Any CPU
		{D9FCA4CD-8422-4E37-A55F-49E6A8170A7E}.Test|Any CPU.ActiveCfg = Release|Any CPU
		{D9FCA4CD-8422-4E37-A55F-49E6A8170A7E}.Test|iPhone.ActiveCfg = Release|Any CPU
		{D9FCA4CD-8422-4E37-A55F-49E6A8170A7E}.Test|iPhoneSimulator.ActiveCfg = Release|Any CPU
		{D9FCA4CD-8422-4E37-A55F-49E6A8170A7E}.Test|Mixed Platforms.ActiveCfg = Release|Any CPU
		{D9FCA4CD-8422-4E37-A55F-49E6A8170A7E}.Test|Mixed Platforms.Build.0 = Release|Any CPU
		{D9FCA4CD-8422-4E37-A55F-49E6A8170A7E}.Test|Server.ActiveCfg = Release|Any CPU
		{16EEDD6C-4FD7-4D64-B7B0-D07E9BB252C3}.Debug|Any CPU.ActiveCfg = Debug|Any CPU
		{16EEDD6C-4FD7-4D64-B7B0-D07E9BB252C3}.Debug|Any CPU.Build.0 = Debug|Any CPU
		{16EEDD6C-4FD7-4D64-B7B0-D07E9BB252C3}.Debug|iPhone.ActiveCfg = Debug|Any CPU
		{16EEDD6C-4FD7-4D64-B7B0-D07E9BB252C3}.Debug|iPhoneSimulator.ActiveCfg = Debug|Any CPU
		{16EEDD6C-4FD7-4D64-B7B0-D07E9BB252C3}.Debug|iPhoneSimulator.Build.0 = Debug|Any CPU
		{16EEDD6C-4FD7-4D64-B7B0-D07E9BB252C3}.Debug|Mixed Platforms.ActiveCfg = Debug|Any CPU
		{16EEDD6C-4FD7-4D64-B7B0-D07E9BB252C3}.Debug|Mixed Platforms.Build.0 = Debug|Any CPU
		{16EEDD6C-4FD7-4D64-B7B0-D07E9BB252C3}.Debug|Server.ActiveCfg = Debug|Any CPU
		{16EEDD6C-4FD7-4D64-B7B0-D07E9BB252C3}.Debug|Server.Build.0 = Debug|Any CPU
		{16EEDD6C-4FD7-4D64-B7B0-D07E9BB252C3}.Dev|Any CPU.ActiveCfg = Debug|Any CPU
		{16EEDD6C-4FD7-4D64-B7B0-D07E9BB252C3}.Dev|Any CPU.Build.0 = Debug|Any CPU
		{16EEDD6C-4FD7-4D64-B7B0-D07E9BB252C3}.Dev|iPhone.ActiveCfg = Debug|Any CPU
		{16EEDD6C-4FD7-4D64-B7B0-D07E9BB252C3}.Dev|iPhoneSimulator.ActiveCfg = Debug|Any CPU
		{16EEDD6C-4FD7-4D64-B7B0-D07E9BB252C3}.Dev|iPhoneSimulator.Build.0 = Debug|Any CPU
		{16EEDD6C-4FD7-4D64-B7B0-D07E9BB252C3}.Dev|Mixed Platforms.ActiveCfg = Debug|Any CPU
		{16EEDD6C-4FD7-4D64-B7B0-D07E9BB252C3}.Dev|Mixed Platforms.Build.0 = Debug|Any CPU
		{16EEDD6C-4FD7-4D64-B7B0-D07E9BB252C3}.Dev|Server.ActiveCfg = Debug|Any CPU
		{16EEDD6C-4FD7-4D64-B7B0-D07E9BB252C3}.Release|Any CPU.ActiveCfg = Release|Any CPU
		{16EEDD6C-4FD7-4D64-B7B0-D07E9BB252C3}.Release|Any CPU.Build.0 = Release|Any CPU
		{16EEDD6C-4FD7-4D64-B7B0-D07E9BB252C3}.Release|iPhone.ActiveCfg = Release|Any CPU
		{16EEDD6C-4FD7-4D64-B7B0-D07E9BB252C3}.Release|iPhoneSimulator.ActiveCfg = Release|Any CPU
		{16EEDD6C-4FD7-4D64-B7B0-D07E9BB252C3}.Release|Mixed Platforms.ActiveCfg = Release|Any CPU
		{16EEDD6C-4FD7-4D64-B7B0-D07E9BB252C3}.Release|Mixed Platforms.Build.0 = Release|Any CPU
		{16EEDD6C-4FD7-4D64-B7B0-D07E9BB252C3}.Release|Server.ActiveCfg = Release|Any CPU
		{16EEDD6C-4FD7-4D64-B7B0-D07E9BB252C3}.Release|Server.Build.0 = Release|Any CPU
		{16EEDD6C-4FD7-4D64-B7B0-D07E9BB252C3}.Test|Any CPU.ActiveCfg = Release|Any CPU
		{16EEDD6C-4FD7-4D64-B7B0-D07E9BB252C3}.Test|iPhone.ActiveCfg = Release|Any CPU
		{16EEDD6C-4FD7-4D64-B7B0-D07E9BB252C3}.Test|iPhoneSimulator.ActiveCfg = Release|Any CPU
		{16EEDD6C-4FD7-4D64-B7B0-D07E9BB252C3}.Test|Mixed Platforms.ActiveCfg = Release|Any CPU
		{16EEDD6C-4FD7-4D64-B7B0-D07E9BB252C3}.Test|Mixed Platforms.Build.0 = Release|Any CPU
		{16EEDD6C-4FD7-4D64-B7B0-D07E9BB252C3}.Test|Server.ActiveCfg = Release|Any CPU
		{646BDAE9-13C2-497A-A5AD-49D94E1119A2}.Debug|Any CPU.ActiveCfg = Debug|iPhoneSimulator
		{646BDAE9-13C2-497A-A5AD-49D94E1119A2}.Debug|Any CPU.Build.0 = Debug|iPhoneSimulator
		{646BDAE9-13C2-497A-A5AD-49D94E1119A2}.Debug|iPhone.ActiveCfg = Debug|iPhone
		{646BDAE9-13C2-497A-A5AD-49D94E1119A2}.Debug|iPhone.Build.0 = Debug|iPhone
		{646BDAE9-13C2-497A-A5AD-49D94E1119A2}.Debug|iPhoneSimulator.ActiveCfg = Debug|iPhoneSimulator
		{646BDAE9-13C2-497A-A5AD-49D94E1119A2}.Debug|iPhoneSimulator.Build.0 = Debug|iPhoneSimulator
		{646BDAE9-13C2-497A-A5AD-49D94E1119A2}.Debug|Mixed Platforms.ActiveCfg = Debug|iPhone
		{646BDAE9-13C2-497A-A5AD-49D94E1119A2}.Debug|Mixed Platforms.Build.0 = Debug|iPhone
		{646BDAE9-13C2-497A-A5AD-49D94E1119A2}.Debug|Server.ActiveCfg = Debug|iPhone
		{646BDAE9-13C2-497A-A5AD-49D94E1119A2}.Dev|Any CPU.ActiveCfg = Dev|iPhoneSimulator
		{646BDAE9-13C2-497A-A5AD-49D94E1119A2}.Dev|iPhone.ActiveCfg = Dev|iPhone
		{646BDAE9-13C2-497A-A5AD-49D94E1119A2}.Dev|iPhone.Build.0 = Dev|iPhone
		{646BDAE9-13C2-497A-A5AD-49D94E1119A2}.Dev|iPhoneSimulator.ActiveCfg = Dev|iPhoneSimulator
		{646BDAE9-13C2-497A-A5AD-49D94E1119A2}.Dev|iPhoneSimulator.Build.0 = Dev|iPhoneSimulator
		{646BDAE9-13C2-497A-A5AD-49D94E1119A2}.Dev|Mixed Platforms.ActiveCfg = Dev|iPhone
		{646BDAE9-13C2-497A-A5AD-49D94E1119A2}.Dev|Mixed Platforms.Build.0 = Dev|iPhone
		{646BDAE9-13C2-497A-A5AD-49D94E1119A2}.Dev|Server.ActiveCfg = Dev|iPhoneSimulator
		{646BDAE9-13C2-497A-A5AD-49D94E1119A2}.Release|Any CPU.ActiveCfg = Release|iPhone
		{646BDAE9-13C2-497A-A5AD-49D94E1119A2}.Release|Any CPU.Build.0 = Release|iPhone
		{646BDAE9-13C2-497A-A5AD-49D94E1119A2}.Release|iPhone.ActiveCfg = Release|iPhone
		{646BDAE9-13C2-497A-A5AD-49D94E1119A2}.Release|iPhone.Build.0 = Release|iPhone
		{646BDAE9-13C2-497A-A5AD-49D94E1119A2}.Release|iPhoneSimulator.ActiveCfg = Release|iPhoneSimulator
		{646BDAE9-13C2-497A-A5AD-49D94E1119A2}.Release|iPhoneSimulator.Build.0 = Release|iPhoneSimulator
		{646BDAE9-13C2-497A-A5AD-49D94E1119A2}.Release|Mixed Platforms.ActiveCfg = Release|iPhoneSimulator
		{646BDAE9-13C2-497A-A5AD-49D94E1119A2}.Release|Mixed Platforms.Build.0 = Release|iPhoneSimulator
		{646BDAE9-13C2-497A-A5AD-49D94E1119A2}.Release|Server.ActiveCfg = Release|iPhone
		{646BDAE9-13C2-497A-A5AD-49D94E1119A2}.Test|Any CPU.ActiveCfg = Test|iPhoneSimulator
		{646BDAE9-13C2-497A-A5AD-49D94E1119A2}.Test|iPhone.ActiveCfg = Test|iPhone
		{646BDAE9-13C2-497A-A5AD-49D94E1119A2}.Test|iPhone.Build.0 = Test|iPhone
		{646BDAE9-13C2-497A-A5AD-49D94E1119A2}.Test|iPhoneSimulator.ActiveCfg = Test|iPhoneSimulator
		{646BDAE9-13C2-497A-A5AD-49D94E1119A2}.Test|iPhoneSimulator.Build.0 = Test|iPhoneSimulator
		{646BDAE9-13C2-497A-A5AD-49D94E1119A2}.Test|Mixed Platforms.ActiveCfg = Test|iPhone
		{646BDAE9-13C2-497A-A5AD-49D94E1119A2}.Test|Mixed Platforms.Build.0 = Test|iPhone
		{646BDAE9-13C2-497A-A5AD-49D94E1119A2}.Test|Server.ActiveCfg = Test|iPhoneSimulator
		{A274548B-6CCA-4841-B167-21625D1179B3}.Debug|Any CPU.ActiveCfg = Debug|Any CPU
		{A274548B-6CCA-4841-B167-21625D1179B3}.Debug|Any CPU.Build.0 = Debug|Any CPU
		{A274548B-6CCA-4841-B167-21625D1179B3}.Debug|iPhone.ActiveCfg = Debug|Any CPU
		{A274548B-6CCA-4841-B167-21625D1179B3}.Debug|iPhone.Build.0 = Debug|Any CPU
		{A274548B-6CCA-4841-B167-21625D1179B3}.Debug|iPhoneSimulator.ActiveCfg = Debug|Any CPU
		{A274548B-6CCA-4841-B167-21625D1179B3}.Debug|iPhoneSimulator.Build.0 = Debug|Any CPU
		{A274548B-6CCA-4841-B167-21625D1179B3}.Debug|Mixed Platforms.ActiveCfg = Debug|Any CPU
		{A274548B-6CCA-4841-B167-21625D1179B3}.Debug|Mixed Platforms.Build.0 = Debug|Any CPU
		{A274548B-6CCA-4841-B167-21625D1179B3}.Debug|Server.ActiveCfg = Debug|Any CPU
		{A274548B-6CCA-4841-B167-21625D1179B3}.Debug|Server.Build.0 = Debug|Any CPU
		{A274548B-6CCA-4841-B167-21625D1179B3}.Dev|Any CPU.ActiveCfg = Debug|Any CPU
		{A274548B-6CCA-4841-B167-21625D1179B3}.Dev|Any CPU.Build.0 = Debug|Any CPU
		{A274548B-6CCA-4841-B167-21625D1179B3}.Dev|iPhone.ActiveCfg = Debug|Any CPU
		{A274548B-6CCA-4841-B167-21625D1179B3}.Dev|iPhone.Build.0 = Debug|Any CPU
		{A274548B-6CCA-4841-B167-21625D1179B3}.Dev|iPhoneSimulator.ActiveCfg = Debug|Any CPU
		{A274548B-6CCA-4841-B167-21625D1179B3}.Dev|iPhoneSimulator.Build.0 = Debug|Any CPU
		{A274548B-6CCA-4841-B167-21625D1179B3}.Dev|Mixed Platforms.ActiveCfg = Debug|Any CPU
		{A274548B-6CCA-4841-B167-21625D1179B3}.Dev|Mixed Platforms.Build.0 = Debug|Any CPU
		{A274548B-6CCA-4841-B167-21625D1179B3}.Dev|Server.ActiveCfg = Debug|Any CPU
		{A274548B-6CCA-4841-B167-21625D1179B3}.Release|Any CPU.ActiveCfg = Release|Any CPU
		{A274548B-6CCA-4841-B167-21625D1179B3}.Release|Any CPU.Build.0 = Release|Any CPU
		{A274548B-6CCA-4841-B167-21625D1179B3}.Release|iPhone.ActiveCfg = Release|Any CPU
		{A274548B-6CCA-4841-B167-21625D1179B3}.Release|iPhone.Build.0 = Release|Any CPU
		{A274548B-6CCA-4841-B167-21625D1179B3}.Release|iPhoneSimulator.ActiveCfg = Release|Any CPU
		{A274548B-6CCA-4841-B167-21625D1179B3}.Release|iPhoneSimulator.Build.0 = Release|Any CPU
		{A274548B-6CCA-4841-B167-21625D1179B3}.Release|Mixed Platforms.ActiveCfg = Release|Any CPU
		{A274548B-6CCA-4841-B167-21625D1179B3}.Release|Mixed Platforms.Build.0 = Release|Any CPU
		{A274548B-6CCA-4841-B167-21625D1179B3}.Release|Server.ActiveCfg = Release|Any CPU
		{A274548B-6CCA-4841-B167-21625D1179B3}.Release|Server.Build.0 = Release|Any CPU
		{A274548B-6CCA-4841-B167-21625D1179B3}.Test|Any CPU.ActiveCfg = Release|Any CPU
		{A274548B-6CCA-4841-B167-21625D1179B3}.Test|iPhone.ActiveCfg = Release|Any CPU
		{A274548B-6CCA-4841-B167-21625D1179B3}.Test|iPhone.Build.0 = Release|Any CPU
		{A274548B-6CCA-4841-B167-21625D1179B3}.Test|iPhoneSimulator.ActiveCfg = Release|Any CPU
		{A274548B-6CCA-4841-B167-21625D1179B3}.Test|iPhoneSimulator.Build.0 = Release|Any CPU
		{A274548B-6CCA-4841-B167-21625D1179B3}.Test|Mixed Platforms.ActiveCfg = Release|Any CPU
		{A274548B-6CCA-4841-B167-21625D1179B3}.Test|Mixed Platforms.Build.0 = Release|Any CPU
		{A274548B-6CCA-4841-B167-21625D1179B3}.Test|Server.ActiveCfg = Release|Any CPU
		{45A8B130-57BC-41C6-8A99-8070CEEB5007}.Debug|Any CPU.ActiveCfg = Debug|Any CPU
		{45A8B130-57BC-41C6-8A99-8070CEEB5007}.Debug|Any CPU.Build.0 = Debug|Any CPU
		{45A8B130-57BC-41C6-8A99-8070CEEB5007}.Debug|iPhone.ActiveCfg = Debug|Any CPU
		{45A8B130-57BC-41C6-8A99-8070CEEB5007}.Debug|iPhoneSimulator.ActiveCfg = Debug|Any CPU
		{45A8B130-57BC-41C6-8A99-8070CEEB5007}.Debug|Mixed Platforms.ActiveCfg = Debug|Any CPU
		{45A8B130-57BC-41C6-8A99-8070CEEB5007}.Debug|Mixed Platforms.Build.0 = Debug|Any CPU
		{45A8B130-57BC-41C6-8A99-8070CEEB5007}.Debug|Server.ActiveCfg = Debug|Any CPU
		{45A8B130-57BC-41C6-8A99-8070CEEB5007}.Debug|Server.Build.0 = Debug|Any CPU
		{45A8B130-57BC-41C6-8A99-8070CEEB5007}.Dev|Any CPU.ActiveCfg = Debug|Any CPU
		{45A8B130-57BC-41C6-8A99-8070CEEB5007}.Dev|iPhone.ActiveCfg = Debug|Any CPU
		{45A8B130-57BC-41C6-8A99-8070CEEB5007}.Dev|iPhoneSimulator.ActiveCfg = Debug|Any CPU
		{45A8B130-57BC-41C6-8A99-8070CEEB5007}.Dev|Mixed Platforms.ActiveCfg = Debug|Any CPU
		{45A8B130-57BC-41C6-8A99-8070CEEB5007}.Dev|Mixed Platforms.Build.0 = Debug|Any CPU
		{45A8B130-57BC-41C6-8A99-8070CEEB5007}.Dev|Server.ActiveCfg = Debug|Any CPU
		{45A8B130-57BC-41C6-8A99-8070CEEB5007}.Release|Any CPU.ActiveCfg = Release|Any CPU
		{45A8B130-57BC-41C6-8A99-8070CEEB5007}.Release|Any CPU.Build.0 = Release|Any CPU
		{45A8B130-57BC-41C6-8A99-8070CEEB5007}.Release|iPhone.ActiveCfg = Release|Any CPU
		{45A8B130-57BC-41C6-8A99-8070CEEB5007}.Release|iPhoneSimulator.ActiveCfg = Release|Any CPU
		{45A8B130-57BC-41C6-8A99-8070CEEB5007}.Release|Mixed Platforms.ActiveCfg = Release|Any CPU
		{45A8B130-57BC-41C6-8A99-8070CEEB5007}.Release|Mixed Platforms.Build.0 = Release|Any CPU
		{45A8B130-57BC-41C6-8A99-8070CEEB5007}.Release|Server.ActiveCfg = Release|Any CPU
		{45A8B130-57BC-41C6-8A99-8070CEEB5007}.Release|Server.Build.0 = Release|Any CPU
		{45A8B130-57BC-41C6-8A99-8070CEEB5007}.Test|Any CPU.ActiveCfg = Release|Any CPU
		{45A8B130-57BC-41C6-8A99-8070CEEB5007}.Test|iPhone.ActiveCfg = Release|Any CPU
		{45A8B130-57BC-41C6-8A99-8070CEEB5007}.Test|iPhoneSimulator.ActiveCfg = Release|Any CPU
		{45A8B130-57BC-41C6-8A99-8070CEEB5007}.Test|Mixed Platforms.ActiveCfg = Release|Any CPU
		{45A8B130-57BC-41C6-8A99-8070CEEB5007}.Test|Mixed Platforms.Build.0 = Release|Any CPU
		{45A8B130-57BC-41C6-8A99-8070CEEB5007}.Test|Server.ActiveCfg = Release|Any CPU
		{09C5A0D6-F5B0-4AB1-99B0-87DC3839A62B}.Debug|Any CPU.ActiveCfg = Debug|Any CPU
		{09C5A0D6-F5B0-4AB1-99B0-87DC3839A62B}.Debug|Any CPU.Build.0 = Debug|Any CPU
		{09C5A0D6-F5B0-4AB1-99B0-87DC3839A62B}.Debug|iPhone.ActiveCfg = Debug|Any CPU
		{09C5A0D6-F5B0-4AB1-99B0-87DC3839A62B}.Debug|iPhoneSimulator.ActiveCfg = Debug|Any CPU
		{09C5A0D6-F5B0-4AB1-99B0-87DC3839A62B}.Debug|Mixed Platforms.ActiveCfg = Debug|Any CPU
		{09C5A0D6-F5B0-4AB1-99B0-87DC3839A62B}.Debug|Mixed Platforms.Build.0 = Debug|Any CPU
		{09C5A0D6-F5B0-4AB1-99B0-87DC3839A62B}.Debug|Server.ActiveCfg = Debug|Any CPU
		{09C5A0D6-F5B0-4AB1-99B0-87DC3839A62B}.Debug|Server.Build.0 = Debug|Any CPU
		{09C5A0D6-F5B0-4AB1-99B0-87DC3839A62B}.Dev|Any CPU.ActiveCfg = Debug|Any CPU
		{09C5A0D6-F5B0-4AB1-99B0-87DC3839A62B}.Dev|iPhone.ActiveCfg = Debug|Any CPU
		{09C5A0D6-F5B0-4AB1-99B0-87DC3839A62B}.Dev|iPhoneSimulator.ActiveCfg = Debug|Any CPU
		{09C5A0D6-F5B0-4AB1-99B0-87DC3839A62B}.Dev|Mixed Platforms.ActiveCfg = Debug|Any CPU
		{09C5A0D6-F5B0-4AB1-99B0-87DC3839A62B}.Dev|Mixed Platforms.Build.0 = Debug|Any CPU
		{09C5A0D6-F5B0-4AB1-99B0-87DC3839A62B}.Dev|Server.ActiveCfg = Debug|Any CPU
		{09C5A0D6-F5B0-4AB1-99B0-87DC3839A62B}.Release|Any CPU.ActiveCfg = Release|Any CPU
		{09C5A0D6-F5B0-4AB1-99B0-87DC3839A62B}.Release|Any CPU.Build.0 = Release|Any CPU
		{09C5A0D6-F5B0-4AB1-99B0-87DC3839A62B}.Release|iPhone.ActiveCfg = Release|Any CPU
		{09C5A0D6-F5B0-4AB1-99B0-87DC3839A62B}.Release|iPhoneSimulator.ActiveCfg = Release|Any CPU
		{09C5A0D6-F5B0-4AB1-99B0-87DC3839A62B}.Release|Mixed Platforms.ActiveCfg = Release|Any CPU
		{09C5A0D6-F5B0-4AB1-99B0-87DC3839A62B}.Release|Mixed Platforms.Build.0 = Release|Any CPU
		{09C5A0D6-F5B0-4AB1-99B0-87DC3839A62B}.Release|Server.ActiveCfg = Release|Any CPU
		{09C5A0D6-F5B0-4AB1-99B0-87DC3839A62B}.Release|Server.Build.0 = Release|Any CPU
		{09C5A0D6-F5B0-4AB1-99B0-87DC3839A62B}.Test|Any CPU.ActiveCfg = Release|Any CPU
		{09C5A0D6-F5B0-4AB1-99B0-87DC3839A62B}.Test|iPhone.ActiveCfg = Release|Any CPU
		{09C5A0D6-F5B0-4AB1-99B0-87DC3839A62B}.Test|iPhoneSimulator.ActiveCfg = Release|Any CPU
		{09C5A0D6-F5B0-4AB1-99B0-87DC3839A62B}.Test|Mixed Platforms.ActiveCfg = Release|Any CPU
		{09C5A0D6-F5B0-4AB1-99B0-87DC3839A62B}.Test|Mixed Platforms.Build.0 = Release|Any CPU
		{09C5A0D6-F5B0-4AB1-99B0-87DC3839A62B}.Test|Server.ActiveCfg = Release|Any CPU
		{256E615C-7B6F-4477-B215-C00676F278E0}.Debug|Any CPU.ActiveCfg = Debug|Any CPU
		{256E615C-7B6F-4477-B215-C00676F278E0}.Debug|Any CPU.Build.0 = Debug|Any CPU
		{256E615C-7B6F-4477-B215-C00676F278E0}.Debug|iPhone.ActiveCfg = Debug|Any CPU
		{256E615C-7B6F-4477-B215-C00676F278E0}.Debug|iPhone.Build.0 = Debug|Any CPU
		{256E615C-7B6F-4477-B215-C00676F278E0}.Debug|iPhoneSimulator.ActiveCfg = Debug|Any CPU
		{256E615C-7B6F-4477-B215-C00676F278E0}.Debug|iPhoneSimulator.Build.0 = Debug|Any CPU
		{256E615C-7B6F-4477-B215-C00676F278E0}.Debug|Mixed Platforms.ActiveCfg = Debug|Any CPU
		{256E615C-7B6F-4477-B215-C00676F278E0}.Debug|Mixed Platforms.Build.0 = Debug|Any CPU
		{256E615C-7B6F-4477-B215-C00676F278E0}.Debug|Server.ActiveCfg = Debug|Any CPU
		{256E615C-7B6F-4477-B215-C00676F278E0}.Debug|Server.Build.0 = Debug|Any CPU
		{256E615C-7B6F-4477-B215-C00676F278E0}.Dev|Any CPU.ActiveCfg = Dev|Any CPU
		{256E615C-7B6F-4477-B215-C00676F278E0}.Dev|Any CPU.Build.0 = Dev|Any CPU
		{256E615C-7B6F-4477-B215-C00676F278E0}.Dev|iPhone.ActiveCfg = Dev|Any CPU
		{256E615C-7B6F-4477-B215-C00676F278E0}.Dev|iPhone.Build.0 = Dev|Any CPU
		{256E615C-7B6F-4477-B215-C00676F278E0}.Dev|iPhoneSimulator.ActiveCfg = Dev|Any CPU
		{256E615C-7B6F-4477-B215-C00676F278E0}.Dev|iPhoneSimulator.Build.0 = Dev|Any CPU
		{256E615C-7B6F-4477-B215-C00676F278E0}.Dev|Mixed Platforms.ActiveCfg = Dev|Any CPU
		{256E615C-7B6F-4477-B215-C00676F278E0}.Dev|Mixed Platforms.Build.0 = Dev|Any CPU
		{256E615C-7B6F-4477-B215-C00676F278E0}.Dev|Server.ActiveCfg = Debug|Any CPU
		{256E615C-7B6F-4477-B215-C00676F278E0}.Dev|Server.Build.0 = Debug|Any CPU
		{256E615C-7B6F-4477-B215-C00676F278E0}.Release|Any CPU.ActiveCfg = Release|Any CPU
		{256E615C-7B6F-4477-B215-C00676F278E0}.Release|Any CPU.Build.0 = Release|Any CPU
		{256E615C-7B6F-4477-B215-C00676F278E0}.Release|iPhone.ActiveCfg = Release|Any CPU
		{256E615C-7B6F-4477-B215-C00676F278E0}.Release|iPhone.Build.0 = Release|Any CPU
		{256E615C-7B6F-4477-B215-C00676F278E0}.Release|iPhoneSimulator.ActiveCfg = Release|Any CPU
		{256E615C-7B6F-4477-B215-C00676F278E0}.Release|iPhoneSimulator.Build.0 = Release|Any CPU
		{256E615C-7B6F-4477-B215-C00676F278E0}.Release|Mixed Platforms.ActiveCfg = Release|Any CPU
		{256E615C-7B6F-4477-B215-C00676F278E0}.Release|Mixed Platforms.Build.0 = Release|Any CPU
		{256E615C-7B6F-4477-B215-C00676F278E0}.Release|Server.ActiveCfg = Release|Any CPU
		{256E615C-7B6F-4477-B215-C00676F278E0}.Release|Server.Build.0 = Release|Any CPU
		{256E615C-7B6F-4477-B215-C00676F278E0}.Test|Any CPU.ActiveCfg = Release|Any CPU
		{256E615C-7B6F-4477-B215-C00676F278E0}.Test|Any CPU.Build.0 = Release|Any CPU
		{256E615C-7B6F-4477-B215-C00676F278E0}.Test|iPhone.ActiveCfg = Test|Any CPU
		{256E615C-7B6F-4477-B215-C00676F278E0}.Test|iPhone.Build.0 = Test|Any CPU
		{256E615C-7B6F-4477-B215-C00676F278E0}.Test|iPhoneSimulator.ActiveCfg = Test|Any CPU
		{256E615C-7B6F-4477-B215-C00676F278E0}.Test|iPhoneSimulator.Build.0 = Test|Any CPU
		{256E615C-7B6F-4477-B215-C00676F278E0}.Test|Mixed Platforms.ActiveCfg = Test|Any CPU
		{256E615C-7B6F-4477-B215-C00676F278E0}.Test|Mixed Platforms.Build.0 = Test|Any CPU
		{256E615C-7B6F-4477-B215-C00676F278E0}.Test|Server.ActiveCfg = Release|Any CPU
		{256E615C-7B6F-4477-B215-C00676F278E0}.Test|Server.Build.0 = Release|Any CPU
		{967B065C-37A7-4BBC-8AF1-A992D3F8AF2F}.Debug|Any CPU.ActiveCfg = Debug|Any CPU
		{967B065C-37A7-4BBC-8AF1-A992D3F8AF2F}.Debug|Any CPU.Build.0 = Debug|Any CPU
		{967B065C-37A7-4BBC-8AF1-A992D3F8AF2F}.Debug|iPhone.ActiveCfg = Debug|Any CPU
		{967B065C-37A7-4BBC-8AF1-A992D3F8AF2F}.Debug|iPhone.Build.0 = Debug|Any CPU
		{967B065C-37A7-4BBC-8AF1-A992D3F8AF2F}.Debug|iPhoneSimulator.ActiveCfg = Debug|Any CPU
		{967B065C-37A7-4BBC-8AF1-A992D3F8AF2F}.Debug|iPhoneSimulator.Build.0 = Debug|Any CPU
		{967B065C-37A7-4BBC-8AF1-A992D3F8AF2F}.Debug|Mixed Platforms.ActiveCfg = Debug|Any CPU
		{967B065C-37A7-4BBC-8AF1-A992D3F8AF2F}.Debug|Mixed Platforms.Build.0 = Debug|Any CPU
		{967B065C-37A7-4BBC-8AF1-A992D3F8AF2F}.Debug|Server.ActiveCfg = Debug|Any CPU
		{967B065C-37A7-4BBC-8AF1-A992D3F8AF2F}.Debug|Server.Build.0 = Debug|Any CPU
		{967B065C-37A7-4BBC-8AF1-A992D3F8AF2F}.Dev|Any CPU.ActiveCfg = Debug|Any CPU
		{967B065C-37A7-4BBC-8AF1-A992D3F8AF2F}.Dev|Any CPU.Build.0 = Debug|Any CPU
		{967B065C-37A7-4BBC-8AF1-A992D3F8AF2F}.Dev|iPhone.ActiveCfg = Debug|Any CPU
		{967B065C-37A7-4BBC-8AF1-A992D3F8AF2F}.Dev|iPhone.Build.0 = Debug|Any CPU
		{967B065C-37A7-4BBC-8AF1-A992D3F8AF2F}.Dev|iPhoneSimulator.ActiveCfg = Debug|Any CPU
		{967B065C-37A7-4BBC-8AF1-A992D3F8AF2F}.Dev|iPhoneSimulator.Build.0 = Debug|Any CPU
		{967B065C-37A7-4BBC-8AF1-A992D3F8AF2F}.Dev|Mixed Platforms.ActiveCfg = Debug|Any CPU
		{967B065C-37A7-4BBC-8AF1-A992D3F8AF2F}.Dev|Mixed Platforms.Build.0 = Debug|Any CPU
		{967B065C-37A7-4BBC-8AF1-A992D3F8AF2F}.Dev|Server.ActiveCfg = Debug|Any CPU
		{967B065C-37A7-4BBC-8AF1-A992D3F8AF2F}.Dev|Server.Build.0 = Debug|Any CPU
		{967B065C-37A7-4BBC-8AF1-A992D3F8AF2F}.Release|Any CPU.ActiveCfg = Release|Any CPU
		{967B065C-37A7-4BBC-8AF1-A992D3F8AF2F}.Release|Any CPU.Build.0 = Release|Any CPU
		{967B065C-37A7-4BBC-8AF1-A992D3F8AF2F}.Release|iPhone.ActiveCfg = Release|Any CPU
		{967B065C-37A7-4BBC-8AF1-A992D3F8AF2F}.Release|iPhoneSimulator.ActiveCfg = Release|Any CPU
		{967B065C-37A7-4BBC-8AF1-A992D3F8AF2F}.Release|iPhoneSimulator.Build.0 = Release|Any CPU
		{967B065C-37A7-4BBC-8AF1-A992D3F8AF2F}.Release|Mixed Platforms.ActiveCfg = Release|Any CPU
		{967B065C-37A7-4BBC-8AF1-A992D3F8AF2F}.Release|Mixed Platforms.Build.0 = Release|Any CPU
		{967B065C-37A7-4BBC-8AF1-A992D3F8AF2F}.Release|Server.ActiveCfg = Release|Any CPU
		{967B065C-37A7-4BBC-8AF1-A992D3F8AF2F}.Release|Server.Build.0 = Release|Any CPU
		{967B065C-37A7-4BBC-8AF1-A992D3F8AF2F}.Test|Any CPU.ActiveCfg = Release|Any CPU
		{967B065C-37A7-4BBC-8AF1-A992D3F8AF2F}.Test|Any CPU.Build.0 = Release|Any CPU
		{967B065C-37A7-4BBC-8AF1-A992D3F8AF2F}.Test|iPhone.ActiveCfg = Release|Any CPU
		{967B065C-37A7-4BBC-8AF1-A992D3F8AF2F}.Test|iPhoneSimulator.ActiveCfg = Release|Any CPU
		{967B065C-37A7-4BBC-8AF1-A992D3F8AF2F}.Test|iPhoneSimulator.Build.0 = Release|Any CPU
		{967B065C-37A7-4BBC-8AF1-A992D3F8AF2F}.Test|Mixed Platforms.ActiveCfg = Release|Any CPU
		{967B065C-37A7-4BBC-8AF1-A992D3F8AF2F}.Test|Mixed Platforms.Build.0 = Release|Any CPU
		{967B065C-37A7-4BBC-8AF1-A992D3F8AF2F}.Test|Server.ActiveCfg = Release|Any CPU
		{967B065C-37A7-4BBC-8AF1-A992D3F8AF2F}.Test|Server.Build.0 = Release|Any CPU
	EndGlobalSection
	GlobalSection(SolutionProperties) = preSolution
		HideSolutionNode = FALSE
	EndGlobalSection
	GlobalSection(NestedProjects) = preSolution
		{45A8B130-57BC-41C6-8A99-8070CEEB5007} = {4CB39707-4DEF-4F69-969B-E8D5312FA464}
		{09C5A0D6-F5B0-4AB1-99B0-87DC3839A62B} = {4CB39707-4DEF-4F69-969B-E8D5312FA464}
	EndGlobalSection
EndGlobal
