
Microsoft Visual Studio Solution File, Format Version 12.00
# Visual Studio 2013
VisualStudioVersion = 12.0.31101.0
MinimumVisualStudioVersion = 10.0.40219.1
Project("{FAE04EC0-301F-11D3-BF4B-00C04F79EFBC}") = "Web", "Web\Web.csproj", "{E002E567-13CA-4A22-93B3-0A4566613E0E}"
EndProject
Project("{FAE04EC0-301F-11D3-BF4B-00C04F79EFBC}") = "Web.Domain", "Web.Domain\Web.Domain.csproj", "{D9FCA4CD-8422-4E37-A55F-49E6A8170A7E}"
EndProject
Project("{2150E333-8FDC-42A3-9474-1A3956D46DE8}") = "BuildScripts", "BuildScripts", "{9BADE512-36AC-45D0-A3FB-AA49B433DE3C}"
	ProjectSection(SolutionItems) = preProject
		..\buildScripts\_build.ps1 = ..\buildScripts\_build.ps1
		..\buildScripts\_package.ps1 = ..\buildScripts\_package.ps1
		..\buildScripts\_post_build.ps1 = ..\buildScripts\_post_build.ps1
		..\buildScripts\_prep_build.ps1 = ..\buildScripts\_prep_build.ps1
		..\buildScripts\_run_tests.ps1 = ..\buildScripts\_run_tests.ps1
		..\buildScripts\devBuild.ps1 = ..\buildScripts\devBuild.ps1
	EndProjectSection
EndProject
Project("{FAE04EC0-301F-11D3-BF4B-00C04F79EFBC}") = "Web.Domain.Tests", "Web.Domain.Tests\Web.Domain.Tests.csproj", "{16EEDD6C-4FD7-4D64-B7B0-D07E9BB252C3}"
EndProject
Project("{FAE04EC0-301F-11D3-BF4B-00C04F79EFBC}") = "ClientApp.iOS", "ClientApp\ClientApp.iOS\ClientApp.iOS.csproj", "{646BDAE9-13C2-497A-A5AD-49D94E1119A2}"
EndProject
Project("{D954291E-2A0B-460D-934E-DC6B0785DB48}") = "ClientApp", "ClientApp\ClientApp\ClientApp.shproj", "{802843B9-D2FF-460E-BD2A-073D8BC6DE91}"
EndProject
Project("{2150E333-8FDC-42A3-9474-1A3956D46DE8}") = ".nuget", ".nuget", "{379BD5E3-7E34-43EB-BEA8-08DA9071112B}"
	ProjectSection(SolutionItems) = preProject
		.nuget\NuGet.Config = .nuget\NuGet.Config
		.nuget\NuGet.exe = .nuget\NuGet.exe
		.nuget\NuGet.targets = .nuget\NuGet.targets
	EndProjectSection
EndProject
Project("{FAE04EC0-301F-11D3-BF4B-00C04F79EFBC}") = "SharedModels", "SharedModels\SharedModels.csproj", "{A274548B-6CCA-4841-B167-21625D1179B3}"
EndProject
Project("{FAE04EC0-301F-11D3-BF4B-00C04F79EFBC}") = "Database.MatchGuide", "Database.MatchGuide\Database.MatchGuide.csproj", "{45A8B130-57BC-41C6-8A99-8070CEEB5007}"
EndProject
Project("{2150E333-8FDC-42A3-9474-1A3956D46DE8}") = "Dev.Environment", "Dev.Environment", "{4CB39707-4DEF-4F69-969B-E8D5312FA464}"
	ProjectSection(SolutionItems) = preProject
		README.txt = README.txt
	EndProjectSection
EndProject
Project("{FAE04EC0-301F-11D3-BF4B-00C04F79EFBC}") = "ClientApp.Tests", "ClientApp.Tests\ClientApp.Tests.csproj", "{5E6D009C-EF7A-4CC1-BA4B-374962FBF79F}"
EndProject
Project("{FAE04EC0-301F-11D3-BF4B-00C04F79EFBC}") = "ClientAppDb", "ClientAppDb\ClientAppDb.csproj", "{09C5A0D6-F5B0-4AB1-99B0-87DC3839A62B}"
EndProject
Global
	GlobalSection(SharedMSBuildProjectFiles) = preSolution
		ClientApp\ClientApp\ClientApp.projitems*{5e6d009c-ef7a-4cc1-ba4b-374962fbf79f}*SharedItemsImports = 4
		ClientApp\ClientApp\ClientApp.projitems*{646bdae9-13c2-497a-a5ad-49d94e1119a2}*SharedItemsImports = 4
		ClientApp\ClientApp\ClientApp.projitems*{802843b9-d2ff-460e-bd2a-073d8bc6de91}*SharedItemsImports = 13
	EndGlobalSection
	GlobalSection(SolutionConfigurationPlatforms) = preSolution
		Ad-Hoc|Any CPU = Ad-Hoc|Any CPU
		Ad-Hoc|ARM = Ad-Hoc|ARM
		Ad-Hoc|iPhone = Ad-Hoc|iPhone
		Ad-Hoc|iPhoneSimulator = Ad-Hoc|iPhoneSimulator
		Ad-Hoc|Mixed Platforms = Ad-Hoc|Mixed Platforms
		Ad-Hoc|x86 = Ad-Hoc|x86
		AppStore|Any CPU = AppStore|Any CPU
		AppStore|ARM = AppStore|ARM
		AppStore|iPhone = AppStore|iPhone
		AppStore|iPhoneSimulator = AppStore|iPhoneSimulator
		AppStore|Mixed Platforms = AppStore|Mixed Platforms
		AppStore|x86 = AppStore|x86
		Debug|Any CPU = Debug|Any CPU
		Debug|ARM = Debug|ARM
		Debug|iPhone = Debug|iPhone
		Debug|iPhoneSimulator = Debug|iPhoneSimulator
		Debug|Mixed Platforms = Debug|Mixed Platforms
		Debug|x86 = Debug|x86
		Release|Any CPU = Release|Any CPU
		Release|ARM = Release|ARM
		Release|iPhone = Release|iPhone
		Release|iPhoneSimulator = Release|iPhoneSimulator
		Release|Mixed Platforms = Release|Mixed Platforms
		Release|x86 = Release|x86
	EndGlobalSection
	GlobalSection(ProjectConfigurationPlatforms) = postSolution
		{E002E567-13CA-4A22-93B3-0A4566613E0E}.Ad-Hoc|Any CPU.ActiveCfg = Release|Any CPU
		{E002E567-13CA-4A22-93B3-0A4566613E0E}.Ad-Hoc|Any CPU.Build.0 = Release|Any CPU
		{E002E567-13CA-4A22-93B3-0A4566613E0E}.Ad-Hoc|ARM.ActiveCfg = Debug|Any CPU
		{E002E567-13CA-4A22-93B3-0A4566613E0E}.Ad-Hoc|iPhone.ActiveCfg = Release|Any CPU
		{E002E567-13CA-4A22-93B3-0A4566613E0E}.Ad-Hoc|iPhoneSimulator.ActiveCfg = Release|Any CPU
		{E002E567-13CA-4A22-93B3-0A4566613E0E}.Ad-Hoc|Mixed Platforms.ActiveCfg = Release|Any CPU
		{E002E567-13CA-4A22-93B3-0A4566613E0E}.Ad-Hoc|Mixed Platforms.Build.0 = Release|Any CPU
		{E002E567-13CA-4A22-93B3-0A4566613E0E}.Ad-Hoc|x86.ActiveCfg = Debug|Any CPU
		{E002E567-13CA-4A22-93B3-0A4566613E0E}.AppStore|Any CPU.ActiveCfg = Release|Any CPU
		{E002E567-13CA-4A22-93B3-0A4566613E0E}.AppStore|Any CPU.Build.0 = Release|Any CPU
		{E002E567-13CA-4A22-93B3-0A4566613E0E}.AppStore|ARM.ActiveCfg = Debug|Any CPU
		{E002E567-13CA-4A22-93B3-0A4566613E0E}.AppStore|iPhone.ActiveCfg = Release|Any CPU
		{E002E567-13CA-4A22-93B3-0A4566613E0E}.AppStore|iPhoneSimulator.ActiveCfg = Release|Any CPU
		{E002E567-13CA-4A22-93B3-0A4566613E0E}.AppStore|Mixed Platforms.ActiveCfg = Release|Any CPU
		{E002E567-13CA-4A22-93B3-0A4566613E0E}.AppStore|Mixed Platforms.Build.0 = Release|Any CPU
		{E002E567-13CA-4A22-93B3-0A4566613E0E}.AppStore|x86.ActiveCfg = Debug|Any CPU
		{E002E567-13CA-4A22-93B3-0A4566613E0E}.Debug|Any CPU.ActiveCfg = Debug|Any CPU
		{E002E567-13CA-4A22-93B3-0A4566613E0E}.Debug|Any CPU.Build.0 = Debug|Any CPU
		{E002E567-13CA-4A22-93B3-0A4566613E0E}.Debug|ARM.ActiveCfg = Debug|Any CPU
		{E002E567-13CA-4A22-93B3-0A4566613E0E}.Debug|iPhone.ActiveCfg = Debug|Any CPU
		{E002E567-13CA-4A22-93B3-0A4566613E0E}.Debug|iPhoneSimulator.ActiveCfg = Debug|Any CPU
		{E002E567-13CA-4A22-93B3-0A4566613E0E}.Debug|iPhoneSimulator.Build.0 = Debug|Any CPU
		{E002E567-13CA-4A22-93B3-0A4566613E0E}.Debug|Mixed Platforms.ActiveCfg = Debug|Any CPU
		{E002E567-13CA-4A22-93B3-0A4566613E0E}.Debug|Mixed Platforms.Build.0 = Debug|Any CPU
		{E002E567-13CA-4A22-93B3-0A4566613E0E}.Debug|x86.ActiveCfg = Debug|Any CPU
		{E002E567-13CA-4A22-93B3-0A4566613E0E}.Release|Any CPU.ActiveCfg = Release|Any CPU
		{E002E567-13CA-4A22-93B3-0A4566613E0E}.Release|Any CPU.Build.0 = Release|Any CPU
		{E002E567-13CA-4A22-93B3-0A4566613E0E}.Release|ARM.ActiveCfg = Release|Any CPU
		{E002E567-13CA-4A22-93B3-0A4566613E0E}.Release|iPhone.ActiveCfg = Release|Any CPU
		{E002E567-13CA-4A22-93B3-0A4566613E0E}.Release|iPhoneSimulator.ActiveCfg = Release|Any CPU
		{E002E567-13CA-4A22-93B3-0A4566613E0E}.Release|Mixed Platforms.ActiveCfg = Release|Any CPU
		{E002E567-13CA-4A22-93B3-0A4566613E0E}.Release|Mixed Platforms.Build.0 = Release|Any CPU
		{E002E567-13CA-4A22-93B3-0A4566613E0E}.Release|x86.ActiveCfg = Release|Any CPU
		{D9FCA4CD-8422-4E37-A55F-49E6A8170A7E}.Ad-Hoc|Any CPU.ActiveCfg = Release|Any CPU
		{D9FCA4CD-8422-4E37-A55F-49E6A8170A7E}.Ad-Hoc|Any CPU.Build.0 = Release|Any CPU
		{D9FCA4CD-8422-4E37-A55F-49E6A8170A7E}.Ad-Hoc|ARM.ActiveCfg = Debug|Any CPU
		{D9FCA4CD-8422-4E37-A55F-49E6A8170A7E}.Ad-Hoc|iPhone.ActiveCfg = Release|Any CPU
		{D9FCA4CD-8422-4E37-A55F-49E6A8170A7E}.Ad-Hoc|iPhoneSimulator.ActiveCfg = Release|Any CPU
		{D9FCA4CD-8422-4E37-A55F-49E6A8170A7E}.Ad-Hoc|Mixed Platforms.ActiveCfg = Release|Any CPU
		{D9FCA4CD-8422-4E37-A55F-49E6A8170A7E}.Ad-Hoc|Mixed Platforms.Build.0 = Release|Any CPU
		{D9FCA4CD-8422-4E37-A55F-49E6A8170A7E}.Ad-Hoc|x86.ActiveCfg = Debug|Any CPU
		{D9FCA4CD-8422-4E37-A55F-49E6A8170A7E}.AppStore|Any CPU.ActiveCfg = Release|Any CPU
		{D9FCA4CD-8422-4E37-A55F-49E6A8170A7E}.AppStore|Any CPU.Build.0 = Release|Any CPU
		{D9FCA4CD-8422-4E37-A55F-49E6A8170A7E}.AppStore|ARM.ActiveCfg = Debug|Any CPU
		{D9FCA4CD-8422-4E37-A55F-49E6A8170A7E}.AppStore|iPhone.ActiveCfg = Release|Any CPU
		{D9FCA4CD-8422-4E37-A55F-49E6A8170A7E}.AppStore|iPhoneSimulator.ActiveCfg = Release|Any CPU
		{D9FCA4CD-8422-4E37-A55F-49E6A8170A7E}.AppStore|Mixed Platforms.ActiveCfg = Release|Any CPU
		{D9FCA4CD-8422-4E37-A55F-49E6A8170A7E}.AppStore|Mixed Platforms.Build.0 = Release|Any CPU
		{D9FCA4CD-8422-4E37-A55F-49E6A8170A7E}.AppStore|x86.ActiveCfg = Debug|Any CPU
		{D9FCA4CD-8422-4E37-A55F-49E6A8170A7E}.Debug|Any CPU.ActiveCfg = Debug|Any CPU
		{D9FCA4CD-8422-4E37-A55F-49E6A8170A7E}.Debug|Any CPU.Build.0 = Debug|Any CPU
		{D9FCA4CD-8422-4E37-A55F-49E6A8170A7E}.Debug|ARM.ActiveCfg = Debug|Any CPU
		{D9FCA4CD-8422-4E37-A55F-49E6A8170A7E}.Debug|iPhone.ActiveCfg = Debug|Any CPU
		{D9FCA4CD-8422-4E37-A55F-49E6A8170A7E}.Debug|iPhoneSimulator.ActiveCfg = Debug|Any CPU
		{D9FCA4CD-8422-4E37-A55F-49E6A8170A7E}.Debug|iPhoneSimulator.Build.0 = Debug|Any CPU
		{D9FCA4CD-8422-4E37-A55F-49E6A8170A7E}.Debug|Mixed Platforms.ActiveCfg = Debug|Any CPU
		{D9FCA4CD-8422-4E37-A55F-49E6A8170A7E}.Debug|Mixed Platforms.Build.0 = Debug|Any CPU
		{D9FCA4CD-8422-4E37-A55F-49E6A8170A7E}.Debug|x86.ActiveCfg = Debug|Any CPU
		{D9FCA4CD-8422-4E37-A55F-49E6A8170A7E}.Release|Any CPU.ActiveCfg = Release|Any CPU
		{D9FCA4CD-8422-4E37-A55F-49E6A8170A7E}.Release|Any CPU.Build.0 = Release|Any CPU
		{D9FCA4CD-8422-4E37-A55F-49E6A8170A7E}.Release|ARM.ActiveCfg = Release|Any CPU
		{D9FCA4CD-8422-4E37-A55F-49E6A8170A7E}.Release|iPhone.ActiveCfg = Release|Any CPU
		{D9FCA4CD-8422-4E37-A55F-49E6A8170A7E}.Release|iPhoneSimulator.ActiveCfg = Release|Any CPU
		{D9FCA4CD-8422-4E37-A55F-49E6A8170A7E}.Release|Mixed Platforms.ActiveCfg = Release|Any CPU
		{D9FCA4CD-8422-4E37-A55F-49E6A8170A7E}.Release|Mixed Platforms.Build.0 = Release|Any CPU
		{D9FCA4CD-8422-4E37-A55F-49E6A8170A7E}.Release|x86.ActiveCfg = Release|Any CPU
		{16EEDD6C-4FD7-4D64-B7B0-D07E9BB252C3}.Ad-Hoc|Any CPU.ActiveCfg = Release|Any CPU
		{16EEDD6C-4FD7-4D64-B7B0-D07E9BB252C3}.Ad-Hoc|Any CPU.Build.0 = Release|Any CPU
		{16EEDD6C-4FD7-4D64-B7B0-D07E9BB252C3}.Ad-Hoc|ARM.ActiveCfg = Debug|Any CPU
		{16EEDD6C-4FD7-4D64-B7B0-D07E9BB252C3}.Ad-Hoc|iPhone.ActiveCfg = Release|Any CPU
		{16EEDD6C-4FD7-4D64-B7B0-D07E9BB252C3}.Ad-Hoc|iPhoneSimulator.ActiveCfg = Release|Any CPU
		{16EEDD6C-4FD7-4D64-B7B0-D07E9BB252C3}.Ad-Hoc|Mixed Platforms.ActiveCfg = Release|Any CPU
		{16EEDD6C-4FD7-4D64-B7B0-D07E9BB252C3}.Ad-Hoc|Mixed Platforms.Build.0 = Release|Any CPU
		{16EEDD6C-4FD7-4D64-B7B0-D07E9BB252C3}.Ad-Hoc|x86.ActiveCfg = Debug|Any CPU
		{16EEDD6C-4FD7-4D64-B7B0-D07E9BB252C3}.AppStore|Any CPU.ActiveCfg = Release|Any CPU
		{16EEDD6C-4FD7-4D64-B7B0-D07E9BB252C3}.AppStore|Any CPU.Build.0 = Release|Any CPU
		{16EEDD6C-4FD7-4D64-B7B0-D07E9BB252C3}.AppStore|ARM.ActiveCfg = Debug|Any CPU
		{16EEDD6C-4FD7-4D64-B7B0-D07E9BB252C3}.AppStore|iPhone.ActiveCfg = Release|Any CPU
		{16EEDD6C-4FD7-4D64-B7B0-D07E9BB252C3}.AppStore|iPhoneSimulator.ActiveCfg = Release|Any CPU
		{16EEDD6C-4FD7-4D64-B7B0-D07E9BB252C3}.AppStore|Mixed Platforms.ActiveCfg = Release|Any CPU
		{16EEDD6C-4FD7-4D64-B7B0-D07E9BB252C3}.AppStore|Mixed Platforms.Build.0 = Release|Any CPU
		{16EEDD6C-4FD7-4D64-B7B0-D07E9BB252C3}.AppStore|x86.ActiveCfg = Debug|Any CPU
		{16EEDD6C-4FD7-4D64-B7B0-D07E9BB252C3}.Debug|Any CPU.ActiveCfg = Debug|Any CPU
		{16EEDD6C-4FD7-4D64-B7B0-D07E9BB252C3}.Debug|Any CPU.Build.0 = Debug|Any CPU
		{16EEDD6C-4FD7-4D64-B7B0-D07E9BB252C3}.Debug|ARM.ActiveCfg = Debug|Any CPU
		{16EEDD6C-4FD7-4D64-B7B0-D07E9BB252C3}.Debug|iPhone.ActiveCfg = Debug|Any CPU
		{16EEDD6C-4FD7-4D64-B7B0-D07E9BB252C3}.Debug|iPhoneSimulator.ActiveCfg = Debug|Any CPU
		{16EEDD6C-4FD7-4D64-B7B0-D07E9BB252C3}.Debug|iPhoneSimulator.Build.0 = Debug|Any CPU
		{16EEDD6C-4FD7-4D64-B7B0-D07E9BB252C3}.Debug|Mixed Platforms.ActiveCfg = Debug|Any CPU
		{16EEDD6C-4FD7-4D64-B7B0-D07E9BB252C3}.Debug|Mixed Platforms.Build.0 = Debug|Any CPU
		{16EEDD6C-4FD7-4D64-B7B0-D07E9BB252C3}.Debug|x86.ActiveCfg = Debug|Any CPU
		{16EEDD6C-4FD7-4D64-B7B0-D07E9BB252C3}.Release|Any CPU.ActiveCfg = Release|Any CPU
		{16EEDD6C-4FD7-4D64-B7B0-D07E9BB252C3}.Release|Any CPU.Build.0 = Release|Any CPU
		{16EEDD6C-4FD7-4D64-B7B0-D07E9BB252C3}.Release|ARM.ActiveCfg = Release|Any CPU
		{16EEDD6C-4FD7-4D64-B7B0-D07E9BB252C3}.Release|iPhone.ActiveCfg = Release|Any CPU
		{16EEDD6C-4FD7-4D64-B7B0-D07E9BB252C3}.Release|iPhoneSimulator.ActiveCfg = Release|Any CPU
		{16EEDD6C-4FD7-4D64-B7B0-D07E9BB252C3}.Release|Mixed Platforms.ActiveCfg = Release|Any CPU
		{16EEDD6C-4FD7-4D64-B7B0-D07E9BB252C3}.Release|Mixed Platforms.Build.0 = Release|Any CPU
		{16EEDD6C-4FD7-4D64-B7B0-D07E9BB252C3}.Release|x86.ActiveCfg = Release|Any CPU
		{646BDAE9-13C2-497A-A5AD-49D94E1119A2}.Ad-Hoc|Any CPU.ActiveCfg = Ad-Hoc|iPhone
		{646BDAE9-13C2-497A-A5AD-49D94E1119A2}.Ad-Hoc|ARM.ActiveCfg = Ad-Hoc|iPhoneSimulator
		{646BDAE9-13C2-497A-A5AD-49D94E1119A2}.Ad-Hoc|iPhone.ActiveCfg = Ad-Hoc|iPhone
		{646BDAE9-13C2-497A-A5AD-49D94E1119A2}.Ad-Hoc|iPhone.Build.0 = Ad-Hoc|iPhone
		{646BDAE9-13C2-497A-A5AD-49D94E1119A2}.Ad-Hoc|iPhoneSimulator.ActiveCfg = Ad-Hoc|iPhoneSimulator
		{646BDAE9-13C2-497A-A5AD-49D94E1119A2}.Ad-Hoc|iPhoneSimulator.Build.0 = Ad-Hoc|iPhoneSimulator
		{646BDAE9-13C2-497A-A5AD-49D94E1119A2}.Ad-Hoc|Mixed Platforms.ActiveCfg = Ad-Hoc|iPhone
		{646BDAE9-13C2-497A-A5AD-49D94E1119A2}.Ad-Hoc|Mixed Platforms.Build.0 = Ad-Hoc|iPhone
		{646BDAE9-13C2-497A-A5AD-49D94E1119A2}.Ad-Hoc|x86.ActiveCfg = Ad-Hoc|iPhoneSimulator
		{646BDAE9-13C2-497A-A5AD-49D94E1119A2}.AppStore|Any CPU.ActiveCfg = AppStore|iPhone
		{646BDAE9-13C2-497A-A5AD-49D94E1119A2}.AppStore|ARM.ActiveCfg = AppStore|iPhoneSimulator
		{646BDAE9-13C2-497A-A5AD-49D94E1119A2}.AppStore|iPhone.ActiveCfg = AppStore|iPhone
		{646BDAE9-13C2-497A-A5AD-49D94E1119A2}.AppStore|iPhone.Build.0 = AppStore|iPhone
		{646BDAE9-13C2-497A-A5AD-49D94E1119A2}.AppStore|iPhoneSimulator.ActiveCfg = AppStore|iPhoneSimulator
		{646BDAE9-13C2-497A-A5AD-49D94E1119A2}.AppStore|iPhoneSimulator.Build.0 = AppStore|iPhoneSimulator
		{646BDAE9-13C2-497A-A5AD-49D94E1119A2}.AppStore|Mixed Platforms.ActiveCfg = AppStore|iPhone
		{646BDAE9-13C2-497A-A5AD-49D94E1119A2}.AppStore|Mixed Platforms.Build.0 = AppStore|iPhone
		{646BDAE9-13C2-497A-A5AD-49D94E1119A2}.AppStore|x86.ActiveCfg = AppStore|iPhoneSimulator
		{646BDAE9-13C2-497A-A5AD-49D94E1119A2}.Debug|Any CPU.ActiveCfg = Debug|iPhone
		{646BDAE9-13C2-497A-A5AD-49D94E1119A2}.Debug|ARM.ActiveCfg = Debug|iPhoneSimulator
		{646BDAE9-13C2-497A-A5AD-49D94E1119A2}.Debug|iPhone.ActiveCfg = Debug|iPhone
		{646BDAE9-13C2-497A-A5AD-49D94E1119A2}.Debug|iPhone.Build.0 = Debug|iPhone
		{646BDAE9-13C2-497A-A5AD-49D94E1119A2}.Debug|iPhoneSimulator.ActiveCfg = Debug|iPhoneSimulator
		{646BDAE9-13C2-497A-A5AD-49D94E1119A2}.Debug|iPhoneSimulator.Build.0 = Debug|iPhoneSimulator
		{646BDAE9-13C2-497A-A5AD-49D94E1119A2}.Debug|Mixed Platforms.ActiveCfg = Debug|iPhone
		{646BDAE9-13C2-497A-A5AD-49D94E1119A2}.Debug|Mixed Platforms.Build.0 = Debug|iPhone
		{646BDAE9-13C2-497A-A5AD-49D94E1119A2}.Debug|x86.ActiveCfg = Debug|iPhoneSimulator
		{646BDAE9-13C2-497A-A5AD-49D94E1119A2}.Release|Any CPU.ActiveCfg = Release|iPhone
		{646BDAE9-13C2-497A-A5AD-49D94E1119A2}.Release|ARM.ActiveCfg = Release|iPhoneSimulator
		{646BDAE9-13C2-497A-A5AD-49D94E1119A2}.Release|iPhone.ActiveCfg = Release|iPhone
		{646BDAE9-13C2-497A-A5AD-49D94E1119A2}.Release|iPhone.Build.0 = Release|iPhone
		{646BDAE9-13C2-497A-A5AD-49D94E1119A2}.Release|iPhoneSimulator.ActiveCfg = Release|iPhoneSimulator
		{646BDAE9-13C2-497A-A5AD-49D94E1119A2}.Release|iPhoneSimulator.Build.0 = Release|iPhoneSimulator
		{646BDAE9-13C2-497A-A5AD-49D94E1119A2}.Release|Mixed Platforms.ActiveCfg = Release|iPhone
		{646BDAE9-13C2-497A-A5AD-49D94E1119A2}.Release|Mixed Platforms.Build.0 = Release|iPhone
		{646BDAE9-13C2-497A-A5AD-49D94E1119A2}.Release|x86.ActiveCfg = Release|iPhoneSimulator
		{A274548B-6CCA-4841-B167-21625D1179B3}.Ad-Hoc|Any CPU.ActiveCfg = Release|Any CPU
		{A274548B-6CCA-4841-B167-21625D1179B3}.Ad-Hoc|Any CPU.Build.0 = Release|Any CPU
		{A274548B-6CCA-4841-B167-21625D1179B3}.Ad-Hoc|ARM.ActiveCfg = Release|Any CPU
		{A274548B-6CCA-4841-B167-21625D1179B3}.Ad-Hoc|iPhone.ActiveCfg = Release|Any CPU
		{A274548B-6CCA-4841-B167-21625D1179B3}.Ad-Hoc|iPhoneSimulator.ActiveCfg = Release|Any CPU
		{A274548B-6CCA-4841-B167-21625D1179B3}.Ad-Hoc|Mixed Platforms.ActiveCfg = Release|Any CPU
		{A274548B-6CCA-4841-B167-21625D1179B3}.Ad-Hoc|Mixed Platforms.Build.0 = Release|Any CPU
		{A274548B-6CCA-4841-B167-21625D1179B3}.Ad-Hoc|x86.ActiveCfg = Release|Any CPU
		{A274548B-6CCA-4841-B167-21625D1179B3}.AppStore|Any CPU.ActiveCfg = Release|Any CPU
		{A274548B-6CCA-4841-B167-21625D1179B3}.AppStore|Any CPU.Build.0 = Release|Any CPU
		{A274548B-6CCA-4841-B167-21625D1179B3}.AppStore|ARM.ActiveCfg = Release|Any CPU
		{A274548B-6CCA-4841-B167-21625D1179B3}.AppStore|iPhone.ActiveCfg = Release|Any CPU
		{A274548B-6CCA-4841-B167-21625D1179B3}.AppStore|iPhoneSimulator.ActiveCfg = Release|Any CPU
		{A274548B-6CCA-4841-B167-21625D1179B3}.AppStore|Mixed Platforms.ActiveCfg = Release|Any CPU
		{A274548B-6CCA-4841-B167-21625D1179B3}.AppStore|Mixed Platforms.Build.0 = Release|Any CPU
		{A274548B-6CCA-4841-B167-21625D1179B3}.AppStore|x86.ActiveCfg = Release|Any CPU
		{A274548B-6CCA-4841-B167-21625D1179B3}.Debug|Any CPU.ActiveCfg = Debug|Any CPU
		{A274548B-6CCA-4841-B167-21625D1179B3}.Debug|Any CPU.Build.0 = Debug|Any CPU
		{A274548B-6CCA-4841-B167-21625D1179B3}.Debug|ARM.ActiveCfg = Debug|Any CPU
		{A274548B-6CCA-4841-B167-21625D1179B3}.Debug|iPhone.ActiveCfg = Debug|Any CPU
		{A274548B-6CCA-4841-B167-21625D1179B3}.Debug|iPhoneSimulator.ActiveCfg = Debug|Any CPU
		{A274548B-6CCA-4841-B167-21625D1179B3}.Debug|iPhoneSimulator.Build.0 = Debug|Any CPU
		{A274548B-6CCA-4841-B167-21625D1179B3}.Debug|Mixed Platforms.ActiveCfg = Debug|Any CPU
		{A274548B-6CCA-4841-B167-21625D1179B3}.Debug|Mixed Platforms.Build.0 = Debug|Any CPU
		{A274548B-6CCA-4841-B167-21625D1179B3}.Debug|x86.ActiveCfg = Debug|Any CPU
		{A274548B-6CCA-4841-B167-21625D1179B3}.Release|Any CPU.ActiveCfg = Release|Any CPU
		{A274548B-6CCA-4841-B167-21625D1179B3}.Release|Any CPU.Build.0 = Release|Any CPU
		{A274548B-6CCA-4841-B167-21625D1179B3}.Release|ARM.ActiveCfg = Release|Any CPU
		{A274548B-6CCA-4841-B167-21625D1179B3}.Release|iPhone.ActiveCfg = Release|Any CPU
		{A274548B-6CCA-4841-B167-21625D1179B3}.Release|iPhoneSimulator.ActiveCfg = Release|Any CPU
		{A274548B-6CCA-4841-B167-21625D1179B3}.Release|Mixed Platforms.ActiveCfg = Release|Any CPU
		{A274548B-6CCA-4841-B167-21625D1179B3}.Release|Mixed Platforms.Build.0 = Release|Any CPU
		{A274548B-6CCA-4841-B167-21625D1179B3}.Release|x86.ActiveCfg = Release|Any CPU
		{45A8B130-57BC-41C6-8A99-8070CEEB5007}.Ad-Hoc|Any CPU.ActiveCfg = Release|Any CPU
		{45A8B130-57BC-41C6-8A99-8070CEEB5007}.Ad-Hoc|Any CPU.Build.0 = Release|Any CPU
		{45A8B130-57BC-41C6-8A99-8070CEEB5007}.Ad-Hoc|ARM.ActiveCfg = Release|Any CPU
		{45A8B130-57BC-41C6-8A99-8070CEEB5007}.Ad-Hoc|iPhone.ActiveCfg = Release|Any CPU
		{45A8B130-57BC-41C6-8A99-8070CEEB5007}.Ad-Hoc|iPhoneSimulator.ActiveCfg = Release|Any CPU
		{45A8B130-57BC-41C6-8A99-8070CEEB5007}.Ad-Hoc|Mixed Platforms.ActiveCfg = Release|Any CPU
		{45A8B130-57BC-41C6-8A99-8070CEEB5007}.Ad-Hoc|Mixed Platforms.Build.0 = Release|Any CPU
		{45A8B130-57BC-41C6-8A99-8070CEEB5007}.Ad-Hoc|x86.ActiveCfg = Release|Any CPU
		{45A8B130-57BC-41C6-8A99-8070CEEB5007}.AppStore|Any CPU.ActiveCfg = Release|Any CPU
		{45A8B130-57BC-41C6-8A99-8070CEEB5007}.AppStore|Any CPU.Build.0 = Release|Any CPU
		{45A8B130-57BC-41C6-8A99-8070CEEB5007}.AppStore|ARM.ActiveCfg = Release|Any CPU
		{45A8B130-57BC-41C6-8A99-8070CEEB5007}.AppStore|iPhone.ActiveCfg = Release|Any CPU
		{45A8B130-57BC-41C6-8A99-8070CEEB5007}.AppStore|iPhoneSimulator.ActiveCfg = Release|Any CPU
		{45A8B130-57BC-41C6-8A99-8070CEEB5007}.AppStore|Mixed Platforms.ActiveCfg = Release|Any CPU
		{45A8B130-57BC-41C6-8A99-8070CEEB5007}.AppStore|Mixed Platforms.Build.0 = Release|Any CPU
		{45A8B130-57BC-41C6-8A99-8070CEEB5007}.AppStore|x86.ActiveCfg = Release|Any CPU
		{45A8B130-57BC-41C6-8A99-8070CEEB5007}.Debug|Any CPU.ActiveCfg = Debug|Any CPU
		{45A8B130-57BC-41C6-8A99-8070CEEB5007}.Debug|Any CPU.Build.0 = Debug|Any CPU
		{45A8B130-57BC-41C6-8A99-8070CEEB5007}.Debug|ARM.ActiveCfg = Debug|Any CPU
		{45A8B130-57BC-41C6-8A99-8070CEEB5007}.Debug|iPhone.ActiveCfg = Debug|Any CPU
		{45A8B130-57BC-41C6-8A99-8070CEEB5007}.Debug|iPhoneSimulator.ActiveCfg = Debug|Any CPU
		{45A8B130-57BC-41C6-8A99-8070CEEB5007}.Debug|iPhoneSimulator.Build.0 = Debug|Any CPU
		{45A8B130-57BC-41C6-8A99-8070CEEB5007}.Debug|Mixed Platforms.ActiveCfg = Debug|Any CPU
		{45A8B130-57BC-41C6-8A99-8070CEEB5007}.Debug|Mixed Platforms.Build.0 = Debug|Any CPU
		{45A8B130-57BC-41C6-8A99-8070CEEB5007}.Debug|x86.ActiveCfg = Debug|Any CPU
		{45A8B130-57BC-41C6-8A99-8070CEEB5007}.Release|Any CPU.ActiveCfg = Release|Any CPU
		{45A8B130-57BC-41C6-8A99-8070CEEB5007}.Release|Any CPU.Build.0 = Release|Any CPU
		{45A8B130-57BC-41C6-8A99-8070CEEB5007}.Release|ARM.ActiveCfg = Release|Any CPU
		{45A8B130-57BC-41C6-8A99-8070CEEB5007}.Release|iPhone.ActiveCfg = Release|Any CPU
		{45A8B130-57BC-41C6-8A99-8070CEEB5007}.Release|iPhoneSimulator.ActiveCfg = Release|Any CPU
		{45A8B130-57BC-41C6-8A99-8070CEEB5007}.Release|Mixed Platforms.ActiveCfg = Release|Any CPU
		{45A8B130-57BC-41C6-8A99-8070CEEB5007}.Release|Mixed Platforms.Build.0 = Release|Any CPU
		{45A8B130-57BC-41C6-8A99-8070CEEB5007}.Release|x86.ActiveCfg = Release|Any CPU
		{5E6D009C-EF7A-4CC1-BA4B-374962FBF79F}.Ad-Hoc|Any CPU.ActiveCfg = Release|Any CPU
		{5E6D009C-EF7A-4CC1-BA4B-374962FBF79F}.Ad-Hoc|Any CPU.Build.0 = Release|Any CPU
		{5E6D009C-EF7A-4CC1-BA4B-374962FBF79F}.Ad-Hoc|ARM.ActiveCfg = Release|Any CPU
		{5E6D009C-EF7A-4CC1-BA4B-374962FBF79F}.Ad-Hoc|iPhone.ActiveCfg = Release|Any CPU
		{5E6D009C-EF7A-4CC1-BA4B-374962FBF79F}.Ad-Hoc|iPhoneSimulator.ActiveCfg = Release|Any CPU
		{5E6D009C-EF7A-4CC1-BA4B-374962FBF79F}.Ad-Hoc|Mixed Platforms.ActiveCfg = Release|Any CPU
		{5E6D009C-EF7A-4CC1-BA4B-374962FBF79F}.Ad-Hoc|Mixed Platforms.Build.0 = Release|Any CPU
		{5E6D009C-EF7A-4CC1-BA4B-374962FBF79F}.Ad-Hoc|x86.ActiveCfg = Release|Any CPU
		{5E6D009C-EF7A-4CC1-BA4B-374962FBF79F}.AppStore|Any CPU.ActiveCfg = Release|Any CPU
		{5E6D009C-EF7A-4CC1-BA4B-374962FBF79F}.AppStore|Any CPU.Build.0 = Release|Any CPU
		{5E6D009C-EF7A-4CC1-BA4B-374962FBF79F}.AppStore|ARM.ActiveCfg = Release|Any CPU
		{5E6D009C-EF7A-4CC1-BA4B-374962FBF79F}.AppStore|iPhone.ActiveCfg = Release|Any CPU
		{5E6D009C-EF7A-4CC1-BA4B-374962FBF79F}.AppStore|iPhoneSimulator.ActiveCfg = Release|Any CPU
		{5E6D009C-EF7A-4CC1-BA4B-374962FBF79F}.AppStore|Mixed Platforms.ActiveCfg = Release|Any CPU
		{5E6D009C-EF7A-4CC1-BA4B-374962FBF79F}.AppStore|Mixed Platforms.Build.0 = Release|Any CPU
		{5E6D009C-EF7A-4CC1-BA4B-374962FBF79F}.AppStore|x86.ActiveCfg = Release|Any CPU
		{5E6D009C-EF7A-4CC1-BA4B-374962FBF79F}.Debug|Any CPU.ActiveCfg = Debug|Any CPU
		{5E6D009C-EF7A-4CC1-BA4B-374962FBF79F}.Debug|Any CPU.Build.0 = Debug|Any CPU
		{5E6D009C-EF7A-4CC1-BA4B-374962FBF79F}.Debug|ARM.ActiveCfg = Debug|Any CPU
		{5E6D009C-EF7A-4CC1-BA4B-374962FBF79F}.Debug|iPhone.ActiveCfg = Debug|Any CPU
		{5E6D009C-EF7A-4CC1-BA4B-374962FBF79F}.Debug|iPhoneSimulator.ActiveCfg = Debug|Any CPU
		{5E6D009C-EF7A-4CC1-BA4B-374962FBF79F}.Debug|iPhoneSimulator.Build.0 = Debug|Any CPU
		{5E6D009C-EF7A-4CC1-BA4B-374962FBF79F}.Debug|Mixed Platforms.ActiveCfg = Debug|Any CPU
		{5E6D009C-EF7A-4CC1-BA4B-374962FBF79F}.Debug|Mixed Platforms.Build.0 = Debug|Any CPU
		{5E6D009C-EF7A-4CC1-BA4B-374962FBF79F}.Debug|x86.ActiveCfg = Debug|Any CPU
		{5E6D009C-EF7A-4CC1-BA4B-374962FBF79F}.Release|Any CPU.ActiveCfg = Release|Any CPU
		{5E6D009C-EF7A-4CC1-BA4B-374962FBF79F}.Release|Any CPU.Build.0 = Release|Any CPU
		{5E6D009C-EF7A-4CC1-BA4B-374962FBF79F}.Release|ARM.ActiveCfg = Release|Any CPU
		{5E6D009C-EF7A-4CC1-BA4B-374962FBF79F}.Release|iPhone.ActiveCfg = Release|Any CPU
		{5E6D009C-EF7A-4CC1-BA4B-374962FBF79F}.Release|iPhoneSimulator.ActiveCfg = Release|Any CPU
		{5E6D009C-EF7A-4CC1-BA4B-374962FBF79F}.Release|Mixed Platforms.ActiveCfg = Release|Any CPU
		{5E6D009C-EF7A-4CC1-BA4B-374962FBF79F}.Release|Mixed Platforms.Build.0 = Release|Any CPU
		{5E6D009C-EF7A-4CC1-BA4B-374962FBF79F}.Release|x86.ActiveCfg = Release|Any CPU
		{09C5A0D6-F5B0-4AB1-99B0-87DC3839A62B}.Ad-Hoc|Any CPU.ActiveCfg = Release|Any CPU
		{09C5A0D6-F5B0-4AB1-99B0-87DC3839A62B}.Ad-Hoc|Any CPU.Build.0 = Release|Any CPU
		{09C5A0D6-F5B0-4AB1-99B0-87DC3839A62B}.Ad-Hoc|ARM.ActiveCfg = Release|Any CPU
		{09C5A0D6-F5B0-4AB1-99B0-87DC3839A62B}.Ad-Hoc|iPhone.ActiveCfg = Release|Any CPU
		{09C5A0D6-F5B0-4AB1-99B0-87DC3839A62B}.Ad-Hoc|iPhoneSimulator.ActiveCfg = Release|Any CPU
		{09C5A0D6-F5B0-4AB1-99B0-87DC3839A62B}.Ad-Hoc|Mixed Platforms.ActiveCfg = Release|Any CPU
		{09C5A0D6-F5B0-4AB1-99B0-87DC3839A62B}.Ad-Hoc|Mixed Platforms.Build.0 = Release|Any CPU
		{09C5A0D6-F5B0-4AB1-99B0-87DC3839A62B}.Ad-Hoc|x86.ActiveCfg = Release|Any CPU
		{09C5A0D6-F5B0-4AB1-99B0-87DC3839A62B}.AppStore|Any CPU.ActiveCfg = Release|Any CPU
		{09C5A0D6-F5B0-4AB1-99B0-87DC3839A62B}.AppStore|Any CPU.Build.0 = Release|Any CPU
		{09C5A0D6-F5B0-4AB1-99B0-87DC3839A62B}.AppStore|ARM.ActiveCfg = Release|Any CPU
		{09C5A0D6-F5B0-4AB1-99B0-87DC3839A62B}.AppStore|iPhone.ActiveCfg = Release|Any CPU
		{09C5A0D6-F5B0-4AB1-99B0-87DC3839A62B}.AppStore|iPhoneSimulator.ActiveCfg = Release|Any CPU
		{09C5A0D6-F5B0-4AB1-99B0-87DC3839A62B}.AppStore|Mixed Platforms.ActiveCfg = Release|Any CPU
		{09C5A0D6-F5B0-4AB1-99B0-87DC3839A62B}.AppStore|Mixed Platforms.Build.0 = Release|Any CPU
		{09C5A0D6-F5B0-4AB1-99B0-87DC3839A62B}.AppStore|x86.ActiveCfg = Release|Any CPU
		{09C5A0D6-F5B0-4AB1-99B0-87DC3839A62B}.Debug|Any CPU.ActiveCfg = Debug|Any CPU
		{09C5A0D6-F5B0-4AB1-99B0-87DC3839A62B}.Debug|Any CPU.Build.0 = Debug|Any CPU
		{09C5A0D6-F5B0-4AB1-99B0-87DC3839A62B}.Debug|ARM.ActiveCfg = Debug|Any CPU
		{09C5A0D6-F5B0-4AB1-99B0-87DC3839A62B}.Debug|iPhone.ActiveCfg = Debug|Any CPU
		{09C5A0D6-F5B0-4AB1-99B0-87DC3839A62B}.Debug|iPhoneSimulator.ActiveCfg = Debug|Any CPU
		{09C5A0D6-F5B0-4AB1-99B0-87DC3839A62B}.Debug|Mixed Platforms.ActiveCfg = Debug|Any CPU
		{09C5A0D6-F5B0-4AB1-99B0-87DC3839A62B}.Debug|Mixed Platforms.Build.0 = Debug|Any CPU
		{09C5A0D6-F5B0-4AB1-99B0-87DC3839A62B}.Debug|x86.ActiveCfg = Debug|Any CPU
		{09C5A0D6-F5B0-4AB1-99B0-87DC3839A62B}.Release|Any CPU.ActiveCfg = Release|Any CPU
		{09C5A0D6-F5B0-4AB1-99B0-87DC3839A62B}.Release|Any CPU.Build.0 = Release|Any CPU
		{09C5A0D6-F5B0-4AB1-99B0-87DC3839A62B}.Release|ARM.ActiveCfg = Release|Any CPU
		{09C5A0D6-F5B0-4AB1-99B0-87DC3839A62B}.Release|iPhone.ActiveCfg = Release|Any CPU
		{09C5A0D6-F5B0-4AB1-99B0-87DC3839A62B}.Release|iPhoneSimulator.ActiveCfg = Release|Any CPU
		{09C5A0D6-F5B0-4AB1-99B0-87DC3839A62B}.Release|Mixed Platforms.ActiveCfg = Release|Any CPU
		{09C5A0D6-F5B0-4AB1-99B0-87DC3839A62B}.Release|Mixed Platforms.Build.0 = Release|Any CPU
		{09C5A0D6-F5B0-4AB1-99B0-87DC3839A62B}.Release|x86.ActiveCfg = Release|Any CPU
	EndGlobalSection
	GlobalSection(SolutionProperties) = preSolution
		HideSolutionNode = FALSE
	EndGlobalSection
	GlobalSection(NestedProjects) = preSolution
		{45A8B130-57BC-41C6-8A99-8070CEEB5007} = {4CB39707-4DEF-4F69-969B-E8D5312FA464}
		{09C5A0D6-F5B0-4AB1-99B0-87DC3839A62B} = {4CB39707-4DEF-4F69-969B-E8D5312FA464}
	EndGlobalSection
EndGlobal
