
Microsoft Visual Studio Solution File, Format Version 12.00
# Visual Studio 2013
VisualStudioVersion = 12.0.31101.0
MinimumVisualStudioVersion = 10.0.40219.1
Project("{FAE04EC0-301F-11D3-BF4B-00C04F79EFBC}") = "Web", "Web\Web.csproj", "{E002E567-13CA-4A22-93B3-0A4566613E0E}"
EndProject
Project("{FAE04EC0-301F-11D3-BF4B-00C04F79EFBC}") = "Domain", "Domain\Domain.csproj", "{D9FCA4CD-8422-4E37-A55F-49E6A8170A7E}"
EndProject
Project("{2150E333-8FDC-42A3-9474-1A3956D46DE8}") = "Build", "Build", "{9BADE512-36AC-45D0-A3FB-AA49B433DE3C}"
EndProject
Project("{FAE04EC0-301F-11D3-BF4B-00C04F79EFBC}") = "Tests", "Domain.Tests\Tests.csproj", "{16EEDD6C-4FD7-4D64-B7B0-D07E9BB252C3}"
EndProject
Global
	GlobalSection(SolutionConfigurationPlatforms) = preSolution
		Debug|Any CPU = Debug|Any CPU
		Release|Any CPU = Release|Any CPU
	EndGlobalSection
	GlobalSection(ProjectConfigurationPlatforms) = postSolution
		{E002E567-13CA-4A22-93B3-0A4566613E0E}.Debug|Any CPU.ActiveCfg = Debug|Any CPU
		{E002E567-13CA-4A22-93B3-0A4566613E0E}.Debug|Any CPU.Build.0 = Debug|Any CPU
		{E002E567-13CA-4A22-93B3-0A4566613E0E}.Release|Any CPU.ActiveCfg = Release|Any CPU
		{E002E567-13CA-4A22-93B3-0A4566613E0E}.Release|Any CPU.Build.0 = Release|Any CPU
		{D9FCA4CD-8422-4E37-A55F-49E6A8170A7E}.Debug|Any CPU.ActiveCfg = Debug|Any CPU
		{D9FCA4CD-8422-4E37-A55F-49E6A8170A7E}.Debug|Any CPU.Build.0 = Debug|Any CPU
		{D9FCA4CD-8422-4E37-A55F-49E6A8170A7E}.Release|Any CPU.ActiveCfg = Release|Any CPU
		{D9FCA4CD-8422-4E37-A55F-49E6A8170A7E}.Release|Any CPU.Build.0 = Release|Any CPU
		{16EEDD6C-4FD7-4D64-B7B0-D07E9BB252C3}.Debug|Any CPU.ActiveCfg = Debug|Any CPU
		{16EEDD6C-4FD7-4D64-B7B0-D07E9BB252C3}.Debug|Any CPU.Build.0 = Debug|Any CPU
		{16EEDD6C-4FD7-4D64-B7B0-D07E9BB252C3}.Release|Any CPU.ActiveCfg = Release|Any CPU
		{16EEDD6C-4FD7-4D64-B7B0-D07E9BB252C3}.Release|Any CPU.Build.0 = Release|Any CPU
	EndGlobalSection
	GlobalSection(SolutionProperties) = preSolution
		HideSolutionNode = FALSE
	EndGlobalSection
EndGlobal
